
Microsoft Visual Studio Solution File, Format Version 12.00
# Visual Studio Version 17
VisualStudioVersion = 17.3.32929.385
MinimumVisualStudioVersion = 10.0.40219.1
Project("{FAE04EC0-301F-11D3-BF4B-00C04F79EFBC}") = "Dental_Clinic", "Dental_Clinic\Dental_Clinic.csproj", "{9F2E8157-038A-4ADC-9287-2A8BD0A91E73}"
EndProject
Project("{FAE04EC0-301F-11D3-BF4B-00C04F79EFBC}") = "Dental_CLinic.BAl", "Dental_CLinic.BAl\Dental_CLinic.BAl.csproj", "{B03B9F8C-9434-4A86-8454-CD7D21B85D49}"
EndProject
Project("{FAE04EC0-301F-11D3-BF4B-00C04F79EFBC}") = "Dental_CLinic.BLL", "Dental_CLinic.BLL\Dental_CLinic.BLL.csproj", "{743BDF7D-8C5E-49D9-B90D-B05500283A1A}"
EndProject
Global
	GlobalSection(SolutionConfigurationPlatforms) = preSolution
		Debug|Any CPU = Debug|Any CPU
		Release|Any CPU = Release|Any CPU
	EndGlobalSection
	GlobalSection(ProjectConfigurationPlatforms) = postSolution
		{9F2E8157-038A-4ADC-9287-2A8BD0A91E73}.Debug|Any CPU.ActiveCfg = Debug|Any CPU
		{9F2E8157-038A-4ADC-9287-2A8BD0A91E73}.Debug|Any CPU.Build.0 = Debug|Any CPU
		{9F2E8157-038A-4ADC-9287-2A8BD0A91E73}.Release|Any CPU.ActiveCfg = Release|Any CPU
		{9F2E8157-038A-4ADC-9287-2A8BD0A91E73}.Release|Any CPU.Build.0 = Release|Any CPU
		{B03B9F8C-9434-4A86-8454-CD7D21B85D49}.Debug|Any CPU.ActiveCfg = Debug|Any CPU
		{B03B9F8C-9434-4A86-8454-CD7D21B85D49}.Debug|Any CPU.Build.0 = Debug|Any CPU
		{B03B9F8C-9434-4A86-8454-CD7D21B85D49}.Release|Any CPU.ActiveCfg = Release|Any CPU
		{B03B9F8C-9434-4A86-8454-CD7D21B85D49}.Release|Any CPU.Build.0 = Release|Any CPU
		{743BDF7D-8C5E-49D9-B90D-B05500283A1A}.Debug|Any CPU.ActiveCfg = Debug|Any CPU
		{743BDF7D-8C5E-49D9-B90D-B05500283A1A}.Debug|Any CPU.Build.0 = Debug|Any CPU
		{743BDF7D-8C5E-49D9-B90D-B05500283A1A}.Release|Any CPU.ActiveCfg = Release|Any CPU
		{743BDF7D-8C5E-49D9-B90D-B05500283A1A}.Release|Any CPU.Build.0 = Release|Any CPU
	EndGlobalSection
	GlobalSection(SolutionProperties) = preSolution
		HideSolutionNode = FALSE
	EndGlobalSection
	GlobalSection(ExtensibilityGlobals) = postSolution
		SolutionGuid = {84D0B38C-FD47-4024-9796-FB0A7FAA6A7E}
	EndGlobalSection
EndGlobal
